// !$*UTF8*$!
{
	archiveVersion = 1;
	classes = {
	};
	objectVersion = 56;
	objects = {

/* Begin PBXBuildFile section */
		7824194C299DC4C400AF9554 /* A_Prudnikova_HW38App.swift in Sources */ = {isa = PBXBuildFile; fileRef = 7824194B299DC4C400AF9554 /* A_Prudnikova_HW38App.swift */; };
		7824194E299DC4C400AF9554 /* ContentView.swift in Sources */ = {isa = PBXBuildFile; fileRef = 7824194D299DC4C400AF9554 /* ContentView.swift */; };
		78241950299DC4C700AF9554 /* Assets.xcassets in Resources */ = {isa = PBXBuildFile; fileRef = 7824194F299DC4C700AF9554 /* Assets.xcassets */; };
		78241953299DC4C700AF9554 /* Preview Assets.xcassets in Resources */ = {isa = PBXBuildFile; fileRef = 78241952299DC4C700AF9554 /* Preview Assets.xcassets */; };
		78B56525299DF163008F554D /* DynamicView.swift in Sources */ = {isa = PBXBuildFile; fileRef = 78B56524299DF163008F554D /* DynamicView.swift */; };
		78B56527299DF17E008F554D /* SaveView.swift in Sources */ = {isa = PBXBuildFile; fileRef = 78B56526299DF17E008F554D /* SaveView.swift */; };
		78B56529299DF5F6008F554D /* ColorSlider.swift in Sources */ = {isa = PBXBuildFile; fileRef = 78B56528299DF5F6008F554D /* ColorSlider.swift */; };
		78B5652D299E2261008F554D /* SaveColorButton.swift in Sources */ = {isa = PBXBuildFile; fileRef = 78B5652C299E2261008F554D /* SaveColorButton.swift */; };
		78B5652F299E3DB1008F554D /* AlphaSlider.swift in Sources */ = {isa = PBXBuildFile; fileRef = 78B5652E299E3DB1008F554D /* AlphaSlider.swift */; };
/* End PBXBuildFile section */

/* Begin PBXFileReference section */
		78241948299DC4C400AF9554 /* A.Prudnikova-HW38.app */ = {isa = PBXFileReference; explicitFileType = wrapper.application; includeInIndex = 0; path = "A.Prudnikova-HW38.app"; sourceTree = BUILT_PRODUCTS_DIR; };
		7824194B299DC4C400AF9554 /* A_Prudnikova_HW38App.swift */ = {isa = PBXFileReference; lastKnownFileType = sourcecode.swift; path = A_Prudnikova_HW38App.swift; sourceTree = "<group>"; };
		7824194D299DC4C400AF9554 /* ContentView.swift */ = {isa = PBXFileReference; lastKnownFileType = sourcecode.swift; path = ContentView.swift; sourceTree = "<group>"; };
		7824194F299DC4C700AF9554 /* Assets.xcassets */ = {isa = PBXFileReference; lastKnownFileType = folder.assetcatalog; path = Assets.xcassets; sourceTree = "<group>"; };
		78241952299DC4C700AF9554 /* Preview Assets.xcassets */ = {isa = PBXFileReference; lastKnownFileType = folder.assetcatalog; path = "Preview Assets.xcassets"; sourceTree = "<group>"; };
		78B56524299DF163008F554D /* DynamicView.swift */ = {isa = PBXFileReference; lastKnownFileType = sourcecode.swift; path = DynamicView.swift; sourceTree = "<group>"; };
		78B56526299DF17E008F554D /* SaveView.swift */ = {isa = PBXFileReference; lastKnownFileType = sourcecode.swift; path = SaveView.swift; sourceTree = "<group>"; };
		78B56528299DF5F6008F554D /* ColorSlider.swift */ = {isa = PBXFileReference; lastKnownFileType = sourcecode.swift; path = ColorSlider.swift; sourceTree = "<group>"; };
		78B5652C299E2261008F554D /* SaveColorButton.swift */ = {isa = PBXFileReference; lastKnownFileType = sourcecode.swift; path = SaveColorButton.swift; sourceTree = "<group>"; };
		78B5652E299E3DB1008F554D /* AlphaSlider.swift */ = {isa = PBXFileReference; lastKnownFileType = sourcecode.swift; path = AlphaSlider.swift; sourceTree = "<group>"; };
/* End PBXFileReference section */

/* Begin PBXFrameworksBuildPhase section */
		78241945299DC4C400AF9554 /* Frameworks */ = {
			isa = PBXFrameworksBuildPhase;
			buildActionMask = 2147483647;
			files = (
			);
			runOnlyForDeploymentPostprocessing = 0;
		};
/* End PBXFrameworksBuildPhase section */

/* Begin PBXGroup section */
		7824193F299DC4C400AF9554 = {
			isa = PBXGroup;
			children = (
				7824194A299DC4C400AF9554 /* A.Prudnikova-HW38 */,
				78241949299DC4C400AF9554 /* Products */,
			);
			sourceTree = "<group>";
		};
		78241949299DC4C400AF9554 /* Products */ = {
			isa = PBXGroup;
			children = (
				78241948299DC4C400AF9554 /* A.Prudnikova-HW38.app */,
			);
			name = Products;
			sourceTree = "<group>";
		};
		7824194A299DC4C400AF9554 /* A.Prudnikova-HW38 */ = {
			isa = PBXGroup;
			children = (
				7824194B299DC4C400AF9554 /* A_Prudnikova_HW38App.swift */,
				7824194D299DC4C400AF9554 /* ContentView.swift */,
				78B56524299DF163008F554D /* DynamicView.swift */,
				78B56526299DF17E008F554D /* SaveView.swift */,
				78B56528299DF5F6008F554D /* ColorSlider.swift */,
				78B5652E299E3DB1008F554D /* AlphaSlider.swift */,
				78B5652C299E2261008F554D /* SaveColorButton.swift */,
				7824194F299DC4C700AF9554 /* Assets.xcassets */,
				78241951299DC4C700AF9554 /* Preview Content */,
			);
			path = "A.Prudnikova-HW38";
			sourceTree = "<group>";
		};
		78241951299DC4C700AF9554 /* Preview Content */ = {
			isa = PBXGroup;
			children = (
				78241952299DC4C700AF9554 /* Preview Assets.xcassets */,
			);
			path = "Preview Content";
			sourceTree = "<group>";
		};
/* End PBXGroup section */

/* Begin PBXNativeTarget section */
		78241947299DC4C400AF9554 /* A.Prudnikova-HW38 */ = {
			isa = PBXNativeTarget;
			buildConfigurationList = 78241956299DC4C700AF9554 /* Build configuration list for PBXNativeTarget "A.Prudnikova-HW38" */;
			buildPhases = (
				78241944299DC4C400AF9554 /* Sources */,
				78241945299DC4C400AF9554 /* Frameworks */,
				78241946299DC4C400AF9554 /* Resources */,
			);
			buildRules = (
			);
			dependencies = (
			);
			name = "A.Prudnikova-HW38";
			productName = "A.Prudnikova-HW38";
			productReference = 78241948299DC4C400AF9554 /* A.Prudnikova-HW38.app */;
			productType = "com.apple.product-type.application";
		};
/* End PBXNativeTarget section */

/* Begin PBXProject section */
		78241940299DC4C400AF9554 /* Project object */ = {
			isa = PBXProject;
			attributes = {
				BuildIndependentTargetsInParallel = 1;
				LastSwiftUpdateCheck = 1420;
				LastUpgradeCheck = 1420;
				TargetAttributes = {
					78241947299DC4C400AF9554 = {
						CreatedOnToolsVersion = 14.2;
					};
				};
			};
			buildConfigurationList = 78241943299DC4C400AF9554 /* Build configuration list for PBXProject "A.Prudnikova-HW38" */;
			compatibilityVersion = "Xcode 14.0";
			developmentRegion = en;
			hasScannedForEncodings = 0;
			knownRegions = (
				en,
				Base,
			);
			mainGroup = 7824193F299DC4C400AF9554;
			productRefGroup = 78241949299DC4C400AF9554 /* Products */;
			projectDirPath = "";
			projectRoot = "";
			targets = (
				78241947299DC4C400AF9554 /* A.Prudnikova-HW38 */,
			);
		};
/* End PBXProject section */

/* Begin PBXResourcesBuildPhase section */
		78241946299DC4C400AF9554 /* Resources */ = {
			isa = PBXResourcesBuildPhase;
			buildActionMask = 2147483647;
			files = (
				78241953299DC4C700AF9554 /* Preview Assets.xcassets in Resources */,
				78241950299DC4C700AF9554 /* Assets.xcassets in Resources */,
			);
			runOnlyForDeploymentPostprocessing = 0;
		};
/* End PBXResourcesBuildPhase section */

/* Begin PBXSourcesBuildPhase section */
		78241944299DC4C400AF9554 /* Sources */ = {
			isa = PBXSourcesBuildPhase;
			buildActionMask = 2147483647;
			files = (
				78B56527299DF17E008F554D /* SaveView.swift in Sources */,
				78B56529299DF5F6008F554D /* ColorSlider.swift in Sources */,
				78B56525299DF163008F554D /* DynamicView.swift in Sources */,
				7824194E299DC4C400AF9554 /* ContentView.swift in Sources */,
				78B5652D299E2261008F554D /* SaveColorButton.swift in Sources */,
				7824194C299DC4C400AF9554 /* A_Prudnikova_HW38App.swift in Sources */,
				78B5652F299E3DB1008F554D /* AlphaSlider.swift in Sources */,
			);
			runOnlyForDeploymentPostprocessing = 0;
		};
/* End PBXSourcesBuildPhase section */

/* Begin XCBuildConfiguration section */
		78241954299DC4C700AF9554 /* Debug */ = {
			isa = XCBuildConfiguration;
			buildSettings = {
				ALWAYS_SEARCH_USER_PATHS = NO;
				CLANG_ANALYZER_NONNULL = YES;
				CLANG_ANALYZER_NUMBER_OBJECT_CONVERSION = YES_AGGRESSIVE;
				CLANG_CXX_LANGUAGE_STANDARD = "gnu++20";
				CLANG_ENABLE_MODULES = YES;
				CLANG_ENABLE_OBJC_ARC = YES;
				CLANG_ENABLE_OBJC_WEAK = YES;
				CLANG_WARN_BLOCK_CAPTURE_AUTORELEASING = YES;
				CLANG_WARN_BOOL_CONVERSION = YES;
				CLANG_WARN_COMMA = YES;
				CLANG_WARN_CONSTANT_CONVERSION = YES;
				CLANG_WARN_DEPRECATED_OBJC_IMPLEMENTATIONS = YES;
				CLANG_WARN_DIRECT_OBJC_ISA_USAGE = YES_ERROR;
				CLANG_WARN_DOCUMENTATION_COMMENTS = YES;
				CLANG_WARN_EMPTY_BODY = YES;
				CLANG_WARN_ENUM_CONVERSION = YES;
				CLANG_WARN_INFINITE_RECURSION = YES;
				CLANG_WARN_INT_CONVERSION = YES;
				CLANG_WARN_NON_LITERAL_NULL_CONVERSION = YES;
				CLANG_WARN_OBJC_IMPLICIT_RETAIN_SELF = YES;
				CLANG_WARN_OBJC_LITERAL_CONVERSION = YES;
				CLANG_WARN_OBJC_ROOT_CLASS = YES_ERROR;
				CLANG_WARN_QUOTED_INCLUDE_IN_FRAMEWORK_HEADER = YES;
				CLANG_WARN_RANGE_LOOP_ANALYSIS = YES;
				CLANG_WARN_STRICT_PROTOTYPES = YES;
				CLANG_WARN_SUSPICIOUS_MOVE = YES;
				CLANG_WARN_UNGUARDED_AVAILABILITY = YES_AGGRESSIVE;
				CLANG_WARN_UNREACHABLE_CODE = YES;
				CLANG_WARN__DUPLICATE_METHOD_MATCH = YES;
				COPY_PHASE_STRIP = NO;
				DEBUG_INFORMATION_FORMAT = dwarf;
				ENABLE_STRICT_OBJC_MSGSEND = YES;
				ENABLE_TESTABILITY = YES;
				GCC_C_LANGUAGE_STANDARD = gnu11;
				GCC_DYNAMIC_NO_PIC = NO;
				GCC_NO_COMMON_BLOCKS = YES;
				GCC_OPTIMIZATION_LEVEL = 0;
				GCC_PREPROCESSOR_DEFINITIONS = (
					"DEBUG=1",
					"$(inherited)",
				);
				GCC_WARN_64_TO_32_BIT_CONVERSION = YES;
				GCC_WARN_ABOUT_RETURN_TYPE = YES_ERROR;
				GCC_WARN_UNDECLARED_SELECTOR = YES;
				GCC_WARN_UNINITIALIZED_AUTOS = YES_AGGRESSIVE;
				GCC_WARN_UNUSED_FUNCTION = YES;
				GCC_WARN_UNUSED_VARIABLE = YES;
				IPHONEOS_DEPLOYMENT_TARGET = 16.2;
				MTL_ENABLE_DEBUG_INFO = INCLUDE_SOURCE;
				MTL_FAST_MATH = YES;
				ONLY_ACTIVE_ARCH = YES;
				SDKROOT = iphoneos;
				SWIFT_ACTIVE_COMPILATION_CONDITIONS = DEBUG;
				SWIFT_OPTIMIZATION_LEVEL = "-Onone";
			};
			name = Debug;
		};
		78241955299DC4C700AF9554 /* Release */ = {
			isa = XCBuildConfiguration;
			buildSettings = {
				ALWAYS_SEARCH_USER_PATHS = NO;
				CLANG_ANALYZER_NONNULL = YES;
				CLANG_ANALYZER_NUMBER_OBJECT_CONVERSION = YES_AGGRESSIVE;
				CLANG_CXX_LANGUAGE_STANDARD = "gnu++20";
				CLANG_ENABLE_MODULES = YES;
				CLANG_ENABLE_OBJC_ARC = YES;
				CLANG_ENABLE_OBJC_WEAK = YES;
				CLANG_WARN_BLOCK_CAPTURE_AUTORELEASING = YES;
				CLANG_WARN_BOOL_CONVERSION = YES;
				CLANG_WARN_COMMA = YES;
				CLANG_WARN_CONSTANT_CONVERSION = YES;
				CLANG_WARN_DEPRECATED_OBJC_IMPLEMENTATIONS = YES;
				CLANG_WARN_DIRECT_OBJC_ISA_USAGE = YES_ERROR;
				CLANG_WARN_DOCUMENTATION_COMMENTS = YES;
				CLANG_WARN_EMPTY_BODY = YES;
				CLANG_WARN_ENUM_CONVERSION = YES;
				CLANG_WARN_INFINITE_RECURSION = YES;
				CLANG_WARN_INT_CONVERSION = YES;
				CLANG_WARN_NON_LITERAL_NULL_CONVERSION = YES;
				CLANG_WARN_OBJC_IMPLICIT_RETAIN_SELF = YES;
				CLANG_WARN_OBJC_LITERAL_CONVERSION = YES;
				CLANG_WARN_OBJC_ROOT_CLASS = YES_ERROR;
				CLANG_WARN_QUOTED_INCLUDE_IN_FRAMEWORK_HEADER = YES;
				CLANG_WARN_RANGE_LOOP_ANALYSIS = YES;
				CLANG_WARN_STRICT_PROTOTYPES = YES;
				CLANG_WARN_SUSPICIOUS_MOVE = YES;
				CLANG_WARN_UNGUARDED_AVAILABILITY = YES_AGGRESSIVE;
				CLANG_WARN_UNREACHABLE_CODE = YES;
				CLANG_WARN__DUPLICATE_METHOD_MATCH = YES;
				COPY_PHASE_STRIP = NO;
				DEBUG_INFORMATION_FORMAT = "dwarf-with-dsym";
				ENABLE_NS_ASSERTIONS = NO;
				ENABLE_STRICT_OBJC_MSGSEND = YES;
				GCC_C_LANGUAGE_STANDARD = gnu11;
				GCC_NO_COMMON_BLOCKS = YES;
				GCC_WARN_64_TO_32_BIT_CONVERSION = YES;
				GCC_WARN_ABOUT_RETURN_TYPE = YES_ERROR;
				GCC_WARN_UNDECLARED_SELECTOR = YES;
				GCC_WARN_UNINITIALIZED_AUTOS = YES_AGGRESSIVE;
				GCC_WARN_UNUSED_FUNCTION = YES;
				GCC_WARN_UNUSED_VARIABLE = YES;
				IPHONEOS_DEPLOYMENT_TARGET = 16.2;
				MTL_ENABLE_DEBUG_INFO = NO;
				MTL_FAST_MATH = YES;
				SDKROOT = iphoneos;
				SWIFT_COMPILATION_MODE = wholemodule;
				SWIFT_OPTIMIZATION_LEVEL = "-O";
				VALIDATE_PRODUCT = YES;
			};
			name = Release;
		};
		78241957299DC4C700AF9554 /* Debug */ = {
			isa = XCBuildConfiguration;
			buildSettings = {
				ASSETCATALOG_COMPILER_APPICON_NAME = AppIcon;
				ASSETCATALOG_COMPILER_GLOBAL_ACCENT_COLOR_NAME = AccentColor;
				CODE_SIGN_STYLE = Automatic;
				CURRENT_PROJECT_VERSION = 1;
				DEVELOPMENT_ASSET_PATHS = "\"A.Prudnikova-HW38/Preview Content\"";
				DEVELOPMENT_TEAM = 87S7UCFSSU;
				ENABLE_PREVIEWS = YES;
				GENERATE_INFOPLIST_FILE = YES;
				INFOPLIST_KEY_UIApplicationSceneManifest_Generation = YES;
				INFOPLIST_KEY_UIApplicationSupportsIndirectInputEvents = YES;
				INFOPLIST_KEY_UILaunchScreen_Generation = YES;
				INFOPLIST_KEY_UISupportedInterfaceOrientations_iPad = "UIInterfaceOrientationPortrait UIInterfaceOrientationPortraitUpsideDown UIInterfaceOrientationLandscapeLeft UIInterfaceOrientationLandscapeRight";
				INFOPLIST_KEY_UISupportedInterfaceOrientations_iPhone = "UIInterfaceOrientationPortrait UIInterfaceOrientationLandscapeLeft UIInterfaceOrientationLandscapeRight";
				LD_RUNPATH_SEARCH_PATHS = (
					"$(inherited)",
					"@executable_path/Frameworks",
				);
				MARKETING_VERSION = 1.0;
				PRODUCT_BUNDLE_IDENTIFIER = "TMS37.A-Prudnikova-HW38";
				PRODUCT_NAME = "$(TARGET_NAME)";
				SWIFT_EMIT_LOC_STRINGS = YES;
				SWIFT_VERSION = 5.0;
				TARGETED_DEVICE_FAMILY = "1,2";
			};
			name = Debug;
		};
		78241958299DC4C700AF9554 /* Release */ = {
			isa = XCBuildConfiguration;
			buildSettings = {
				ASSETCATALOG_COMPILER_APPICON_NAME = AppIcon;
				ASSETCATALOG_COMPILER_GLOBAL_ACCENT_COLOR_NAME = AccentColor;
				CODE_SIGN_STYLE = Automatic;
				CURRENT_PROJECT_VERSION = 1;
				DEVELOPMENT_ASSET_PATHS = "\"A.Prudnikova-HW38/Preview Content\"";
				DEVELOPMENT_TEAM = 87S7UCFSSU;
				ENABLE_PREVIEWS = YES;
				GENERATE_INFOPLIST_FILE = YES;
				INFOPLIST_KEY_UIApplicationSceneManifest_Generation = YES;
				INFOPLIST_KEY_UIApplicationSupportsIndirectInputEvents = YES;
				INFOPLIST_KEY_UILaunchScreen_Generation = YES;
				INFOPLIST_KEY_UISupportedInterfaceOrientations_iPad = "UIInterfaceOrientationPortrait UIInterfaceOrientationPortraitUpsideDown UIInterfaceOrientationLandscapeLeft UIInterfaceOrientationLandscapeRight";
				INFOPLIST_KEY_UISupportedInterfaceOrientations_iPhone = "UIInterfaceOrientationPortrait UIInterfaceOrientationLandscapeLeft UIInterfaceOrientationLandscapeRight";
				LD_RUNPATH_SEARCH_PATHS = (
					"$(inherited)",
					"@executable_path/Frameworks",
				);
				MARKETING_VERSION = 1.0;
				PRODUCT_BUNDLE_IDENTIFIER = "TMS37.A-Prudnikova-HW38";
				PRODUCT_NAME = "$(TARGET_NAME)";
				SWIFT_EMIT_LOC_STRINGS = YES;
				SWIFT_VERSION = 5.0;
				TARGETED_DEVICE_FAMILY = "1,2";
			};
			name = Release;
		};
/* End XCBuildConfiguration section */

/* Begin XCConfigurationList section */
		78241943299DC4C400AF9554 /* Build configuration list for PBXProject "A.Prudnikova-HW38" */ = {
			isa = XCConfigurationList;
			buildConfigurations = (
				78241954299DC4C700AF9554 /* Debug */,
				78241955299DC4C700AF9554 /* Release */,
			);
			defaultConfigurationIsVisible = 0;
			defaultConfigurationName = Release;
		};
		78241956299DC4C700AF9554 /* Build configuration list for PBXNativeTarget "A.Prudnikova-HW38" */ = {
			isa = XCConfigurationList;
			buildConfigurations = (
				78241957299DC4C700AF9554 /* Debug */,
				78241958299DC4C700AF9554 /* Release */,
			);
			defaultConfigurationIsVisible = 0;
			defaultConfigurationName = Release;
		};
/* End XCConfigurationList section */
	};
	rootObject = 78241940299DC4C400AF9554 /* Project object */;
}
